<?xml version="1.0" encoding="utf-8"?>
<Project ToolsVersion="4.0" xmlns="http://schemas.microsoft.com/developer/msbuild/2003">
  <ItemGroup>
    <Filter Include="Engine">
      <UniqueIdentifier>{10012ac2-2a41-42da-add8-5d353ae3220b}</UniqueIdentifier>
    </Filter>
    <Filter Include="Game">
      <UniqueIdentifier>{d14d183b-e487-4f8e-be6d-1201cd6c095a}</UniqueIdentifier>
    </Filter>
    <Filter Include="pch">
      <UniqueIdentifier>{ab8f17c4-8cce-4aaa-ae3b-6aba3cae1bfc}</UniqueIdentifier>
    </Filter>
  </ItemGroup>
  <ItemGroup>
    <ClCompile Include="main.cpp" />
    <ClCompile Include="World.cpp">
      <Filter>Engine</Filter>
    </ClCompile>
    <ClCompile Include="pch.cpp">
      <Filter>pch</Filter>
    </ClCompile>
    <ClCompile Include="Entity.cpp">
      <Filter>Engine</Filter>
    </ClCompile>
    <ClCompile Include="Scene.cpp">
      <Filter>Engine</Filter>
    </ClCompile>
    <ClCompile Include="Sprite.cpp">
      <Filter>Engine</Filter>
    </ClCompile>
    <ClCompile Include="TestScene.cpp">
      <Filter>Game</Filter>
    </ClCompile>
    <ClCompile Include="Timer.cpp">
      <Filter>Engine</Filter>
    </ClCompile>
    <ClCompile Include="Console.cpp">
      <Filter>Engine</Filter>
    </ClCompile>
    <ClCompile Include="Animation.cpp">
      <Filter>Engine</Filter>
    </ClCompile>
  </ItemGroup>
  <ItemGroup>
    <ClInclude Include="Define.h">
      <Filter>Engine</Filter>
    </ClInclude>
    <ClInclude Include="World.h">
      <Filter>Engine</Filter>
    </ClInclude>
    <ClInclude Include="pch.h">
      <Filter>pch</Filter>
    </ClInclude>
    <ClInclude Include="Scene.h">
      <Filter>Engine</Filter>
    </ClInclude>
    <ClInclude Include="Entity.h">
      <Filter>Engine</Filter>
    </ClInclude>
    <ClInclude Include="Sprite.h">
      <Filter>Engine</Filter>
    </ClInclude>
    <ClInclude Include="TestScene.h">
      <Filter>Game</Filter>
    </ClInclude>
    <ClInclude Include="Timer.h">
      <Filter>Engine</Filter>
    </ClInclude>
    <ClInclude Include="Console.h">
      <Filter>Engine</Filter>
    </ClInclude>
    <ClInclude Include="Animation.h">
      <Filter>Engine</Filter>
    </ClInclude>
  </ItemGroup>
</Project>